{
  "name": "websocket",
  "version": "1.0.0",
  "lockfileVersion": 3,
  "requires": true,
  "packages": {
    "": {
      "name": "websocket",
      "version": "1.0.0",
      "license": "ISC",
      "workspaces": [
        "packages/*",
        "apps/*"
      ]
    },
    "node_modules/os": {
      "version": "0.1.2",
      "resolved": "https://artifactory.devops.xiaohongshu.com/artifactory/api/npm/npm-public/os/download/os-0.1.2.tgz",
      "integrity": "sha1-8ppQxikIUWukJlLeQvcDhgDK28I="
    },
    "node_modules/shared": {
      "resolved": "packages/shared",
      "link": true
    },
    "node_modules/ws": {
      "version": "8.18.2",
      "resolved": "https://artifactory.devops.xiaohongshu.com/artifactory/api/npm/npm-public/ws/download/ws-8.18.2.tgz",
      "integrity": "sha1-QnOLK+V87YX0YVQyCqu1GrADcFo=",
      "engines": {
        "node": ">=10.0.0"
      },
      "peerDependencies": {
        "bufferutil": "^4.0.1",
        "utf-8-validate": ">=5.0.2"
      },
      "peerDependenciesMeta": {
        "bufferutil": {
          "optional": true
        },
        "utf-8-validate": {
          "optional": true
        }
      }
    },
    "node_modules/ws-server": {
      "resolved": "packages/ws-server",
      "link": true
    },
    "packages/shared": {
      "version": "1.0.0",
      "license": "ISC",
      "dependencies": {
        "os": "^0.1.2"
      }
    },
    "packages/ws-server": {
      "version": "1.0.0",
      "license": "ISC",
      "dependencies": {
        "shared": "^1.0.0",
        "ws": "^8.18.2"
      }
    }
  }
}
